
Microsoft Visual Studio Solution File, Format Version 12.00
# Visual Studio Version 17
VisualStudioVersion = 17.12.35514.174
MinimumVisualStudioVersion = 10.0.40219.1
Project("{FAE04EC0-301F-11D3-BF4B-00C04F79EFBC}") = "InvoiceApp", "InvoiceApp\InvoiceApp.csproj", "{A47D6C32-CF3B-4284-B93C-ECED8960217C}"
EndProject
Project("{FAE04EC0-301F-11D3-BF4B-00C04F79EFBC}") = "Shared", "Shared\Shared.csproj", "{19D32F16-B197-490E-8AD8-430B00CAC9D6}"
EndProject
Global
	GlobalSection(SolutionConfigurationPlatforms) = preSolution
		Debug|Any CPU = Debug|Any CPU
		Release|Any CPU = Release|Any CPU
	EndGlobalSection
	GlobalSection(ProjectConfigurationPlatforms) = postSolution
		{A47D6C32-CF3B-4284-B93C-ECED8960217C}.Debug|Any CPU.ActiveCfg = Debug|Any CPU
		{A47D6C32-CF3B-4284-B93C-ECED8960217C}.Debug|Any CPU.Build.0 = Debug|Any CPU
		{A47D6C32-CF3B-4284-B93C-ECED8960217C}.Release|Any CPU.ActiveCfg = Release|Any CPU
		{A47D6C32-CF3B-4284-B93C-ECED8960217C}.Release|Any CPU.Build.0 = Release|Any CPU
		{19D32F16-B197-490E-8AD8-430B00CAC9D6}.Debug|Any CPU.ActiveCfg = Debug|Any CPU
		{19D32F16-B197-490E-8AD8-430B00CAC9D6}.Debug|Any CPU.Build.0 = Debug|Any CPU
		{19D32F16-B197-490E-8AD8-430B00CAC9D6}.Release|Any CPU.ActiveCfg = Release|Any CPU
		{19D32F16-B197-490E-8AD8-430B00CAC9D6}.Release|Any CPU.Build.0 = Release|Any CPU
	EndGlobalSection
	GlobalSection(SolutionProperties) = preSolution
		HideSolutionNode = FALSE
	EndGlobalSection
EndGlobal
